
Microsoft Visual Studio Solution File, Format Version 12.00
# Visual Studio Version 16
VisualStudioVersion = 16.0.32106.194
MinimumVisualStudioVersion = 10.0.40219.1
Project("{FAE04EC0-301F-11D3-BF4B-00C04F79EFBC}") = "GUITest", "GUITest.csproj", "{1B38DAD6-72AB-4E0E-889B-32F6B50186DB}"
EndProject
Project("{9A19103F-16F7-4668-BE54-9A1E7A4F7556}") = "Graphics", "..\..\Graphics\Graphics.csproj", "{BFB54A40-0F60-4DC8-8BC5-E0A92AC9A31D}"
EndProject
Project("{9A19103F-16F7-4668-BE54-9A1E7A4F7556}") = "Windowing", "..\..\Windowing\Windowing.csproj", "{D75F26CB-8EAF-48FF-962A-1DF40471545D}"
EndProject
Project("{9A19103F-16F7-4668-BE54-9A1E7A4F7556}") = "Structs", "..\..\Structs\Structs.csproj", "{0DB36D9A-5D10-4511-8A97-521F1C76BEE0}"
EndProject
Project("{9A19103F-16F7-4668-BE54-9A1E7A4F7556}") = "GUI", "..\..\GUI\GUI.csproj", "{D695DB79-8D38-4468-BB59-6D93908E9C09}"
EndProject
Global
	GlobalSection(SolutionConfigurationPlatforms) = preSolution
		Debug|Any CPU = Debug|Any CPU
		Release|Any CPU = Release|Any CPU
	EndGlobalSection
	GlobalSection(ProjectConfigurationPlatforms) = postSolution
		{1B38DAD6-72AB-4E0E-889B-32F6B50186DB}.Debug|Any CPU.ActiveCfg = Debug|Any CPU
		{1B38DAD6-72AB-4E0E-889B-32F6B50186DB}.Debug|Any CPU.Build.0 = Debug|Any CPU
		{1B38DAD6-72AB-4E0E-889B-32F6B50186DB}.Release|Any CPU.ActiveCfg = Release|Any CPU
		{1B38DAD6-72AB-4E0E-889B-32F6B50186DB}.Release|Any CPU.Build.0 = Release|Any CPU
		{BFB54A40-0F60-4DC8-8BC5-E0A92AC9A31D}.Debug|Any CPU.ActiveCfg = Debug|Any CPU
		{BFB54A40-0F60-4DC8-8BC5-E0A92AC9A31D}.Debug|Any CPU.Build.0 = Debug|Any CPU
		{BFB54A40-0F60-4DC8-8BC5-E0A92AC9A31D}.Release|Any CPU.ActiveCfg = Release|Any CPU
		{BFB54A40-0F60-4DC8-8BC5-E0A92AC9A31D}.Release|Any CPU.Build.0 = Release|Any CPU
		{D75F26CB-8EAF-48FF-962A-1DF40471545D}.Debug|Any CPU.ActiveCfg = Debug|Any CPU
		{D75F26CB-8EAF-48FF-962A-1DF40471545D}.Debug|Any CPU.Build.0 = Debug|Any CPU
		{D75F26CB-8EAF-48FF-962A-1DF40471545D}.Release|Any CPU.ActiveCfg = Release|Any CPU
		{D75F26CB-8EAF-48FF-962A-1DF40471545D}.Release|Any CPU.Build.0 = Release|Any CPU
		{0DB36D9A-5D10-4511-8A97-521F1C76BEE0}.Debug|Any CPU.ActiveCfg = Debug|Any CPU
		{0DB36D9A-5D10-4511-8A97-521F1C76BEE0}.Debug|Any CPU.Build.0 = Debug|Any CPU
		{0DB36D9A-5D10-4511-8A97-521F1C76BEE0}.Release|Any CPU.ActiveCfg = Release|Any CPU
		{0DB36D9A-5D10-4511-8A97-521F1C76BEE0}.Release|Any CPU.Build.0 = Release|Any CPU
		{D695DB79-8D38-4468-BB59-6D93908E9C09}.Debug|Any CPU.ActiveCfg = Debug|Any CPU
		{D695DB79-8D38-4468-BB59-6D93908E9C09}.Debug|Any CPU.Build.0 = Debug|Any CPU
		{D695DB79-8D38-4468-BB59-6D93908E9C09}.Release|Any CPU.ActiveCfg = Release|Any CPU
		{D695DB79-8D38-4468-BB59-6D93908E9C09}.Release|Any CPU.Build.0 = Release|Any CPU
	EndGlobalSection
	GlobalSection(SolutionProperties) = preSolution
		HideSolutionNode = FALSE
	EndGlobalSection
	GlobalSection(ExtensibilityGlobals) = postSolution
		SolutionGuid = {2BB34C94-C4CD-4DFC-A8C7-D65005B181B4}
	EndGlobalSection
EndGlobal
