
Microsoft Visual Studio Solution File, Format Version 12.00
# Visual Studio Version 16
VisualStudioVersion = 16.0.31410.357
MinimumVisualStudioVersion = 10.0.40219.1
Project("{9A19103F-16F7-4668-BE54-9A1E7A4F7556}") = "PhysicsTest", "PhysicsTest.csproj", "{8C588A85-1BA5-4E6C-B22E-DD161DA86332}"
EndProject
Project("{9A19103F-16F7-4668-BE54-9A1E7A4F7556}") = "Graphics", "..\..\Graphics\Graphics.csproj", "{D8551A6A-4F2B-4BA3-B7BA-E5D0EEFF0F03}"
EndProject
Project("{9A19103F-16F7-4668-BE54-9A1E7A4F7556}") = "Structs", "..\..\Structs\Structs.csproj", "{04A66B19-98A0-4A10-A7B6-82DEB1DA418B}"
EndProject
Project("{9A19103F-16F7-4668-BE54-9A1E7A4F7556}") = "Physics", "..\..\Physics\Physics.csproj", "{6962B22F-D11D-43CB-9219-505A03161F25}"
EndProject
Project("{9A19103F-16F7-4668-BE54-9A1E7A4F7556}") = "Sprites", "..\..\Sprites\Sprites.csproj", "{CF3B3E21-C5E0-4CE8-8E59-5A07AC7299DB}"
EndProject
Project("{9A19103F-16F7-4668-BE54-9A1E7A4F7556}") = "Windowing", "..\..\Windowing\Windowing.csproj", "{8B02C375-F04B-4F95-811A-988E5999B9AA}"
EndProject
Global
	GlobalSection(SolutionConfigurationPlatforms) = preSolution
		Debug|Any CPU = Debug|Any CPU
		Release|Any CPU = Release|Any CPU
	EndGlobalSection
	GlobalSection(ProjectConfigurationPlatforms) = postSolution
		{8C588A85-1BA5-4E6C-B22E-DD161DA86332}.Debug|Any CPU.ActiveCfg = Debug|Any CPU
		{8C588A85-1BA5-4E6C-B22E-DD161DA86332}.Debug|Any CPU.Build.0 = Debug|Any CPU
		{8C588A85-1BA5-4E6C-B22E-DD161DA86332}.Release|Any CPU.ActiveCfg = Release|Any CPU
		{8C588A85-1BA5-4E6C-B22E-DD161DA86332}.Release|Any CPU.Build.0 = Release|Any CPU
		{D8551A6A-4F2B-4BA3-B7BA-E5D0EEFF0F03}.Debug|Any CPU.ActiveCfg = Debug|Any CPU
		{D8551A6A-4F2B-4BA3-B7BA-E5D0EEFF0F03}.Debug|Any CPU.Build.0 = Debug|Any CPU
		{D8551A6A-4F2B-4BA3-B7BA-E5D0EEFF0F03}.Release|Any CPU.ActiveCfg = Release|Any CPU
		{D8551A6A-4F2B-4BA3-B7BA-E5D0EEFF0F03}.Release|Any CPU.Build.0 = Release|Any CPU
		{04A66B19-98A0-4A10-A7B6-82DEB1DA418B}.Debug|Any CPU.ActiveCfg = Debug|Any CPU
		{04A66B19-98A0-4A10-A7B6-82DEB1DA418B}.Debug|Any CPU.Build.0 = Debug|Any CPU
		{04A66B19-98A0-4A10-A7B6-82DEB1DA418B}.Release|Any CPU.ActiveCfg = Release|Any CPU
		{04A66B19-98A0-4A10-A7B6-82DEB1DA418B}.Release|Any CPU.Build.0 = Release|Any CPU
		{6962B22F-D11D-43CB-9219-505A03161F25}.Debug|Any CPU.ActiveCfg = Debug|Any CPU
		{6962B22F-D11D-43CB-9219-505A03161F25}.Debug|Any CPU.Build.0 = Debug|Any CPU
		{6962B22F-D11D-43CB-9219-505A03161F25}.Release|Any CPU.ActiveCfg = Release|Any CPU
		{6962B22F-D11D-43CB-9219-505A03161F25}.Release|Any CPU.Build.0 = Release|Any CPU
		{CF3B3E21-C5E0-4CE8-8E59-5A07AC7299DB}.Debug|Any CPU.ActiveCfg = Debug|Any CPU
		{CF3B3E21-C5E0-4CE8-8E59-5A07AC7299DB}.Debug|Any CPU.Build.0 = Debug|Any CPU
		{CF3B3E21-C5E0-4CE8-8E59-5A07AC7299DB}.Release|Any CPU.ActiveCfg = Release|Any CPU
		{CF3B3E21-C5E0-4CE8-8E59-5A07AC7299DB}.Release|Any CPU.Build.0 = Release|Any CPU
		{8B02C375-F04B-4F95-811A-988E5999B9AA}.Debug|Any CPU.ActiveCfg = Debug|Any CPU
		{8B02C375-F04B-4F95-811A-988E5999B9AA}.Debug|Any CPU.Build.0 = Debug|Any CPU
		{8B02C375-F04B-4F95-811A-988E5999B9AA}.Release|Any CPU.ActiveCfg = Release|Any CPU
		{8B02C375-F04B-4F95-811A-988E5999B9AA}.Release|Any CPU.Build.0 = Release|Any CPU
	EndGlobalSection
	GlobalSection(SolutionProperties) = preSolution
		HideSolutionNode = FALSE
	EndGlobalSection
	GlobalSection(ExtensibilityGlobals) = postSolution
		SolutionGuid = {76CBD8D6-F7A3-4CE0-B9F0-4F0DC46F4A58}
	EndGlobalSection
EndGlobal
